
Microsoft Visual Studio Solution File, Format Version 12.00
# Visual Studio 15
VisualStudioVersion = 15.0.27703.2026
MinimumVisualStudioVersion = 10.0.40219.1
Project("{FAE04EC0-301F-11D3-BF4B-00C04F79EFBC}") = "CSharpWinForm", "CSharpWinForm\CSharpWinForm.csproj", "{6DB5D34C-E294-4D9D-A1BB-CCC0E76F8906}"
EndProject
Project("{FAE04EC0-301F-11D3-BF4B-00C04F79EFBC}") = "PrintDocumentDemo", "PrintDocumentDemo\PrintDocumentDemo.csproj", "{6B0F565C-8832-4035-82AE-C039BD15808B}"
EndProject
Project("{FAE04EC0-301F-11D3-BF4B-00C04F79EFBC}") = "GDIDemo", "GDIDemo\GDIDemo.csproj", "{5272F954-38D9-4C80-BAC7-44820D4B7387}"
EndProject
Project("{FAE04EC0-301F-11D3-BF4B-00C04F79EFBC}") = "FileStreamDemo", "FileStreamDemo\FileStreamDemo.csproj", "{3C0AB204-870F-4A23-90BE-2AA4A2A33FC7}"
EndProject
Project("{FAE04EC0-301F-11D3-BF4B-00C04F79EFBC}") = "CSharpSocketClient", "CSharpSocketClient\CSharpSocketClient.csproj", "{5F846D62-79AD-456A-98DA-E0B6369F9C3C}"
EndProject
Project("{FAE04EC0-301F-11D3-BF4B-00C04F79EFBC}") = "CSharpSocketServer", "CSharpSocketServer\CSharpSocketServer.csproj", "{454620B5-4787-4FB2-8321-C6224B6689E5}"
EndProject
Project("{FAE04EC0-301F-11D3-BF4B-00C04F79EFBC}") = "CSharpUDPSend", "CSharpUDPSend\CSharpUDPSend.csproj", "{51F9B76B-7956-4869-B473-DBBA3A135790}"
EndProject
Project("{FAE04EC0-301F-11D3-BF4B-00C04F79EFBC}") = "CSharpUDPReceive", "CSharpUDPReceive\CSharpUDPReceive.csproj", "{748B73C7-DA66-4FAD-8205-20FD2B3487DB}"
EndProject
Project("{FAE04EC0-301F-11D3-BF4B-00C04F79EFBC}") = "LINQDemo", "LINQDemo\LINQDemo.csproj", "{ACCD7193-BB0C-4492-B156-368E54FFAB7C}"
EndProject
Project("{FAE04EC0-301F-11D3-BF4B-00C04F79EFBC}") = "ProcessAndThread", "ProcessAndThread\ProcessAndThread.csproj", "{2A85384B-6F9E-4410-A10F-D9751F071110}"
EndProject
Project("{FAE04EC0-301F-11D3-BF4B-00C04F79EFBC}") = "VFWDemo", "VFWDemo\VFWDemo.csproj", "{D280F981-0152-401E-A438-6B145F7D615F}"
EndProject
Project("{FAE04EC0-301F-11D3-BF4B-00C04F79EFBC}") = "ElectronicMail", "ElectronicMail\ElectronicMail.csproj", "{A92CD38F-018E-4E50-8410-1487FB4118F4}"
EndProject
Project("{FAE04EC0-301F-11D3-BF4B-00C04F79EFBC}") = "ProcessAndThreadSafe", "ProcessAndThreadSafe\ProcessAndThreadSafe.csproj", "{D806C426-97DE-4829-9CDE-13A385204D3D}"
EndProject
Global
	GlobalSection(SolutionConfigurationPlatforms) = preSolution
		Debug|Any CPU = Debug|Any CPU
		Release|Any CPU = Release|Any CPU
	EndGlobalSection
	GlobalSection(ProjectConfigurationPlatforms) = postSolution
		{6DB5D34C-E294-4D9D-A1BB-CCC0E76F8906}.Debug|Any CPU.ActiveCfg = Debug|Any CPU
		{6DB5D34C-E294-4D9D-A1BB-CCC0E76F8906}.Debug|Any CPU.Build.0 = Debug|Any CPU
		{6DB5D34C-E294-4D9D-A1BB-CCC0E76F8906}.Release|Any CPU.ActiveCfg = Release|Any CPU
		{6DB5D34C-E294-4D9D-A1BB-CCC0E76F8906}.Release|Any CPU.Build.0 = Release|Any CPU
		{6B0F565C-8832-4035-82AE-C039BD15808B}.Debug|Any CPU.ActiveCfg = Debug|Any CPU
		{6B0F565C-8832-4035-82AE-C039BD15808B}.Debug|Any CPU.Build.0 = Debug|Any CPU
		{6B0F565C-8832-4035-82AE-C039BD15808B}.Release|Any CPU.ActiveCfg = Release|Any CPU
		{6B0F565C-8832-4035-82AE-C039BD15808B}.Release|Any CPU.Build.0 = Release|Any CPU
		{5272F954-38D9-4C80-BAC7-44820D4B7387}.Debug|Any CPU.ActiveCfg = Debug|Any CPU
		{5272F954-38D9-4C80-BAC7-44820D4B7387}.Debug|Any CPU.Build.0 = Debug|Any CPU
		{5272F954-38D9-4C80-BAC7-44820D4B7387}.Release|Any CPU.ActiveCfg = Release|Any CPU
		{5272F954-38D9-4C80-BAC7-44820D4B7387}.Release|Any CPU.Build.0 = Release|Any CPU
		{3C0AB204-870F-4A23-90BE-2AA4A2A33FC7}.Debug|Any CPU.ActiveCfg = Debug|Any CPU
		{3C0AB204-870F-4A23-90BE-2AA4A2A33FC7}.Debug|Any CPU.Build.0 = Debug|Any CPU
		{3C0AB204-870F-4A23-90BE-2AA4A2A33FC7}.Release|Any CPU.ActiveCfg = Release|Any CPU
		{3C0AB204-870F-4A23-90BE-2AA4A2A33FC7}.Release|Any CPU.Build.0 = Release|Any CPU
		{5F846D62-79AD-456A-98DA-E0B6369F9C3C}.Debug|Any CPU.ActiveCfg = Debug|Any CPU
		{5F846D62-79AD-456A-98DA-E0B6369F9C3C}.Debug|Any CPU.Build.0 = Debug|Any CPU
		{5F846D62-79AD-456A-98DA-E0B6369F9C3C}.Release|Any CPU.ActiveCfg = Release|Any CPU
		{5F846D62-79AD-456A-98DA-E0B6369F9C3C}.Release|Any CPU.Build.0 = Release|Any CPU
		{454620B5-4787-4FB2-8321-C6224B6689E5}.Debug|Any CPU.ActiveCfg = Debug|Any CPU
		{454620B5-4787-4FB2-8321-C6224B6689E5}.Debug|Any CPU.Build.0 = Debug|Any CPU
		{454620B5-4787-4FB2-8321-C6224B6689E5}.Release|Any CPU.ActiveCfg = Release|Any CPU
		{454620B5-4787-4FB2-8321-C6224B6689E5}.Release|Any CPU.Build.0 = Release|Any CPU
		{51F9B76B-7956-4869-B473-DBBA3A135790}.Debug|Any CPU.ActiveCfg = Debug|Any CPU
		{51F9B76B-7956-4869-B473-DBBA3A135790}.Debug|Any CPU.Build.0 = Debug|Any CPU
		{51F9B76B-7956-4869-B473-DBBA3A135790}.Release|Any CPU.ActiveCfg = Release|Any CPU
		{51F9B76B-7956-4869-B473-DBBA3A135790}.Release|Any CPU.Build.0 = Release|Any CPU
		{748B73C7-DA66-4FAD-8205-20FD2B3487DB}.Debug|Any CPU.ActiveCfg = Debug|Any CPU
		{748B73C7-DA66-4FAD-8205-20FD2B3487DB}.Debug|Any CPU.Build.0 = Debug|Any CPU
		{748B73C7-DA66-4FAD-8205-20FD2B3487DB}.Release|Any CPU.ActiveCfg = Release|Any CPU
		{748B73C7-DA66-4FAD-8205-20FD2B3487DB}.Release|Any CPU.Build.0 = Release|Any CPU
		{ACCD7193-BB0C-4492-B156-368E54FFAB7C}.Debug|Any CPU.ActiveCfg = Debug|Any CPU
		{ACCD7193-BB0C-4492-B156-368E54FFAB7C}.Debug|Any CPU.Build.0 = Debug|Any CPU
		{ACCD7193-BB0C-4492-B156-368E54FFAB7C}.Release|Any CPU.ActiveCfg = Release|Any CPU
		{ACCD7193-BB0C-4492-B156-368E54FFAB7C}.Release|Any CPU.Build.0 = Release|Any CPU
		{2A85384B-6F9E-4410-A10F-D9751F071110}.Debug|Any CPU.ActiveCfg = Debug|Any CPU
		{2A85384B-6F9E-4410-A10F-D9751F071110}.Debug|Any CPU.Build.0 = Debug|Any CPU
		{2A85384B-6F9E-4410-A10F-D9751F071110}.Release|Any CPU.ActiveCfg = Release|Any CPU
		{2A85384B-6F9E-4410-A10F-D9751F071110}.Release|Any CPU.Build.0 = Release|Any CPU
		{D280F981-0152-401E-A438-6B145F7D615F}.Debug|Any CPU.ActiveCfg = Debug|Any CPU
		{D280F981-0152-401E-A438-6B145F7D615F}.Debug|Any CPU.Build.0 = Debug|Any CPU
		{D280F981-0152-401E-A438-6B145F7D615F}.Release|Any CPU.ActiveCfg = Release|Any CPU
		{D280F981-0152-401E-A438-6B145F7D615F}.Release|Any CPU.Build.0 = Release|Any CPU
		{A92CD38F-018E-4E50-8410-1487FB4118F4}.Debug|Any CPU.ActiveCfg = Debug|Any CPU
		{A92CD38F-018E-4E50-8410-1487FB4118F4}.Debug|Any CPU.Build.0 = Debug|Any CPU
		{A92CD38F-018E-4E50-8410-1487FB4118F4}.Release|Any CPU.ActiveCfg = Release|Any CPU
		{A92CD38F-018E-4E50-8410-1487FB4118F4}.Release|Any CPU.Build.0 = Release|Any CPU
		{D806C426-97DE-4829-9CDE-13A385204D3D}.Debug|Any CPU.ActiveCfg = Debug|Any CPU
		{D806C426-97DE-4829-9CDE-13A385204D3D}.Debug|Any CPU.Build.0 = Debug|Any CPU
		{D806C426-97DE-4829-9CDE-13A385204D3D}.Release|Any CPU.ActiveCfg = Release|Any CPU
		{D806C426-97DE-4829-9CDE-13A385204D3D}.Release|Any CPU.Build.0 = Release|Any CPU
	EndGlobalSection
	GlobalSection(SolutionProperties) = preSolution
		HideSolutionNode = FALSE
	EndGlobalSection
	GlobalSection(ExtensibilityGlobals) = postSolution
		SolutionGuid = {FE73E8E3-628B-496F-9C5D-9667D118CC99}
	EndGlobalSection
EndGlobal
