
Microsoft Visual Studio Solution File, Format Version 12.00
# Visual Studio 15
VisualStudioVersion = 15.0.27703.2026
MinimumVisualStudioVersion = 10.0.40219.1
Project("{FAE04EC0-301F-11D3-BF4B-00C04F79EFBC}") = "CSharpWinForm", "CSharpWinForm\CSharpWinForm.csproj", "{6DB5D34C-E294-4D9D-A1BB-CCC0E76F8906}"
EndProject
Global
	GlobalSection(SolutionConfigurationPlatforms) = preSolution
		Debug|Any CPU = Debug|Any CPU
		Release|Any CPU = Release|Any CPU
	EndGlobalSection
	GlobalSection(ProjectConfigurationPlatforms) = postSolution
		{6DB5D34C-E294-4D9D-A1BB-CCC0E76F8906}.Debug|Any CPU.ActiveCfg = Debug|Any CPU
		{6DB5D34C-E294-4D9D-A1BB-CCC0E76F8906}.Debug|Any CPU.Build.0 = Debug|Any CPU
		{6DB5D34C-E294-4D9D-A1BB-CCC0E76F8906}.Release|Any CPU.ActiveCfg = Release|Any CPU
		{6DB5D34C-E294-4D9D-A1BB-CCC0E76F8906}.Release|Any CPU.Build.0 = Release|Any CPU
	EndGlobalSection
	GlobalSection(SolutionProperties) = preSolution
		HideSolutionNode = FALSE
	EndGlobalSection
	GlobalSection(ExtensibilityGlobals) = postSolution
		SolutionGuid = {FE73E8E3-628B-496F-9C5D-9667D118CC99}
	EndGlobalSection
EndGlobal
